{
  "version": 4,
  "terraform_version": "1.6.4",
  "serial": 136,
  "lineage": "19643d14-2615-057c-1ee3-23ce052250a0",
  "outputs": {},
  "resources": [
    {
      "mode": "managed",
      "type": "aws_eip",
      "name": "nat_eip",
      "provider": "provider[\"registry.terraform.io/hashicorp/aws\"]",
      "instances": [
        {
          "schema_version": 0,
          "attributes": {
            "allocation_id": null,
            "associate_with_private_ip": null,
            "association_id": "eipassoc-0b43752b2de167483",
            "domain": "vpc",
            "id": "eipalloc-05e2c36860bd48af6",
            "instance": "",
            "network_interface": "eni-0b9a1b51fc6dc0b6d",
            "private_dns": "ip-10-0-0-74.ec2.internal",
            "private_ip": "10.0.0.74",
            "public_dns": "ec2-35-169-11-101.compute-1.amazonaws.com",
            "public_ip": "35.169.11.101",
            "public_ipv4_pool": "amazon",
            "tags": {},
            "timeouts": null,
            "vpc": true
          },
          "sensitive_attributes": [],
          "private": "eyJlMmJmYjczMC1lY2FhLTExZTYtOGY4OC0zNDM2M2JjN2M0YzAiOnsiZGVsZXRlIjoxODAwMDAwMDAwMDAsInJlYWQiOjkwMDAwMDAwMDAwMCwidXBkYXRlIjozMDAwMDAwMDAwMDB9fQ=="
        }
      ]
    },
    {
      "mode": "managed",
      "type": "aws_eks_cluster",
      "name": "redis_eks_cluster",
      "provider": "provider[\"registry.terraform.io/hashicorp/aws\"]",
      "instances": [
        {
          "schema_version": 0,
          "attributes": {
            "arn": "arn:aws:eks:us-east-1:062200478089:cluster/redis_eks_cluster",
            "certificate_authority": [
              {
                "data": "LS0tLS1CRUdJTiBDRVJUSUZJQ0FURS0tLS0tCk1JSURCVENDQWUyZ0F3SUJBZ0lJVTJBd2VCZ3ZTSmN3RFFZSktvWklodmNOQVFFTEJRQXdGVEVUTUJFR0ExVUUKQXhNS2EzVmlaWEp1WlhSbGN6QWVGdzB5TXpFeE1UZ3hNRFE1TVRWYUZ3MHpNekV4TVRVeE1EVTBNVFZhTUJVeApFekFSQmdOVkJBTVRDbXQxWW1WeWJtVjBaWE13Z2dFaU1BMEdDU3FHU0liM0RRRUJBUVVBQTRJQkR3QXdnZ0VLCkFvSUJBUUNYK1FCdzRBZVZiZjhkTEJrUDdzKzJITDRPa2k5cmVzV3dkNHQ5d0NlampwT2NkcjgxLzVLMmNCWWUKZ290QXY2dEFSak9vT21MN2RiU2JLUWx1dHR0cFRwdFYxaXF0N2x0eDBjbmE1ZmtKSVBTbXprb1NEZ2l5Tm8yRApYQUZFcVB0UDFpZ3k5RnBWL0VlVjQycSsxRVFBRjdsTzgxR1dVM09UdS9rSlV4Wk8vOEJBa3VkZGFDRGdNdXFMCm00ZTVLL3A4TjBwYWt3OUZWVEtJNFZWeHlXUkg2cUM2WjM3SnB2QklmNjdUR25ETGx5a0tHb0dUaFdtZ2RycVoKODRKM2dTeUxFRnFkVExldkp1Z1RtWnZtK2NoYU95aDZoaFhOTW50SzJidENCai9PLzVJZFVGb2NIYjRYajBVNApCTGZBdC9aa05XZHI0WldQUFJ4WTZtVFNBNm54QWdNQkFBR2pXVEJYTUE0R0ExVWREd0VCL3dRRUF3SUNwREFQCkJnTlZIUk1CQWY4RUJUQURBUUgvTUIwR0ExVWREZ1FXQkJTWTdvaWdkTkNyQmk0aDhOMXdPTm9PYThsS29EQVYKQmdOVkhSRUVEakFNZ2dwcmRXSmxjbTVsZEdWek1BMEdDU3FHU0liM0RRRUJDd1VBQTRJQkFRQTZtWGZXd2U4SwpJbXVBc29HVTFDYnFFT1VXZ0s1K1hyOTdLZW9OZTBwdEN3V0dHdFg5S3E5TlhZaW9PczFpbkxpVFJ2N0NHajFHCjV6ZWVRa2ZHUWVleWpCVE42aWVFME5zcEl4VzNMbDZ1SVczL0t3Y0tRYlFuR25rUGJFTHIzVzVsc1FiZjkrUnEKTGt3RGIyR1hZMFZMc2FScmhHYVFabVhSRVNyVE5Fbk1FUUsyTkN6TkNuQWZGck54OGRva3pJLzZ5eS9VSVZlcQpUa0JPS0VOWUIrUUg0MnhmNkNHNGQ3QUEvTzdQVGdYSjJVaUphUkJySnd4Y1pRa2NRR2YyTEI0ZGx6Zk1QdkM4CnN4Q01FVDZmSzFOcHcvRFNXNVFEeVBES1JEM2JsajZKeXdBYTZUVVRGOXNCbXVROUtGTzdNMXlEaGhlVC9rL2EKb3ZXY0ZEOVJSY2pmCi0tLS0tRU5EIENFUlRJRklDQVRFLS0tLS0K"
              }
            ],
            "created_at": "2023-11-18 10:47:02 +0000 UTC",
            "enabled_cluster_log_types": [],
            "encryption_config": [],
            "endpoint": "https://1E945431EC4E8E89C0217EA5850357F5.gr7.us-east-1.eks.amazonaws.com",
            "id": "redis_eks_cluster",
            "identity": [
              {
                "oidc": [
                  {
                    "issuer": "https://oidc.eks.us-east-1.amazonaws.com/id/1E945431EC4E8E89C0217EA5850357F5"
                  }
                ]
              }
            ],
            "name": "redis_eks_cluster",
            "platform_version": "eks.4",
            "role_arn": "arn:aws:iam::062200478089:role/eks-cluster-role",
            "status": "ACTIVE",
            "tags": {},
            "timeouts": null,
            "version": "1.28",
            "vpc_config": [
              {
                "cluster_security_group_id": "sg-0c30029a2fbf661b9",
                "endpoint_private_access": false,
                "endpoint_public_access": true,
                "public_access_cidrs": [
                  "0.0.0.0/0"
                ],
                "security_group_ids": [],
                "subnet_ids": [
                  "subnet-02815de86973e39fa",
                  "subnet-098af65e6ea6b2c12"
                ],
                "vpc_id": "vpc-0b6cd84125d9ee60a"
              }
            ]
          },
          "sensitive_attributes": [],
          "private": "eyJlMmJmYjczMC1lY2FhLTExZTYtOGY4OC0zNDM2M2JjN2M0YzAiOnsiY3JlYXRlIjoxODAwMDAwMDAwMDAwLCJkZWxldGUiOjkwMDAwMDAwMDAwMCwidXBkYXRlIjozNjAwMDAwMDAwMDAwfX0=",
          "dependencies": [
            "aws_iam_role.eks_cluster_role",
            "aws_subnet.private_subnet",
            "aws_subnet.public_subnet",
            "aws_vpc.eks_vpc"
          ]
        }
      ]
    },
    {
      "mode": "managed",
      "type": "aws_eks_node_group",
      "name": "redis_eks_nodes",
      "provider": "provider[\"registry.terraform.io/hashicorp/aws\"]",
      "instances": [
        {
          "schema_version": 0,
          "attributes": {
            "ami_type": "AL2_x86_64",
            "arn": "arn:aws:eks:us-east-1:062200478089:nodegroup/redis_eks_cluster/redis_eks_nodegroup/52c5f10a-46f4-c9f0-a713-e9c721ac5385",
            "cluster_name": "redis_eks_cluster",
            "disk_size": 20,
            "id": "redis_eks_cluster:redis_eks_nodegroup",
            "instance_types": [
              "t3.medium"
            ],
            "labels": {},
            "node_group_name": "redis_eks_nodegroup",
            "node_role_arn": "arn:aws:iam::062200478089:role/eks-node-role",
            "release_version": "1.28.3-20231116",
            "remote_access": [],
            "resources": [
              {
                "autoscaling_groups": [
                  {
                    "name": "eks-redis_eks_nodegroup-52c5f10a-46f4-c9f0-a713-e9c721ac5385"
                  }
                ],
                "remote_access_security_group_id": ""
              }
            ],
            "scaling_config": [
              {
                "desired_size": 1,
                "max_size": 11,
                "min_size": 1
              }
            ],
            "status": "ACTIVE",
            "subnet_ids": [
              "subnet-098af65e6ea6b2c12"
            ],
            "tags": {},
            "timeouts": null,
            "version": "1.28"
          },
          "sensitive_attributes": [],
          "private": "eyJlMmJmYjczMC1lY2FhLTExZTYtOGY4OC0zNDM2M2JjN2M0YzAiOnsiY3JlYXRlIjozNjAwMDAwMDAwMDAwLCJkZWxldGUiOjM2MDAwMDAwMDAwMDAsInVwZGF0ZSI6MzYwMDAwMDAwMDAwMH19",
          "dependencies": [
            "aws_eks_cluster.redis_eks_cluster",
            "aws_iam_role.eks_cluster_role",
            "aws_iam_role.eks_node_role",
            "aws_subnet.private_subnet",
            "aws_subnet.public_subnet",
            "aws_vpc.eks_vpc"
          ]
        }
      ]
    },
    {
      "mode": "managed",
      "type": "aws_iam_instance_profile",
      "name": "eks_node_profile",
      "provider": "provider[\"registry.terraform.io/hashicorp/aws\"]",
      "instances": [
        {
          "schema_version": 0,
          "attributes": {
            "arn": "arn:aws:iam::062200478089:instance-profile/eks-node-profile",
            "create_date": "2023-11-18T10:46:46Z",
            "id": "eks-node-profile",
            "name": "eks-node-profile",
            "name_prefix": null,
            "path": "/",
            "role": "eks-node-role",
            "roles": [
              "eks-node-role"
            ],
            "unique_id": "AIPAQ463P7GEVWHJG7IZK"
          },
          "sensitive_attributes": [],
          "private": "bnVsbA==",
          "dependencies": [
            "aws_iam_role.eks_node_role"
          ]
        }
      ]
    },
    {
      "mode": "managed",
      "type": "aws_iam_role",
      "name": "eks_cluster_role",
      "provider": "provider[\"registry.terraform.io/hashicorp/aws\"]",
      "instances": [
        {
          "schema_version": 0,
          "attributes": {
            "arn": "arn:aws:iam::062200478089:role/eks-cluster-role",
            "assume_role_policy": "{\"Version\":\"2012-10-17\",\"Statement\":[{\"Effect\":\"Allow\",\"Principal\":{\"Service\":\"eks.amazonaws.com\"},\"Action\":\"sts:AssumeRole\"}]}",
            "create_date": "2023-11-18T10:46:44Z",
            "description": "",
            "force_detach_policies": false,
            "id": "eks-cluster-role",
            "max_session_duration": 3600,
            "name": "eks-cluster-role",
            "name_prefix": null,
            "path": "/",
            "permissions_boundary": null,
            "tags": {},
            "unique_id": "AROAQ463P7GE6Y6IP3JRY"
          },
          "sensitive_attributes": [],
          "private": "bnVsbA=="
        }
      ]
    },
    {
      "mode": "managed",
      "type": "aws_iam_role",
      "name": "eks_node_role",
      "provider": "provider[\"registry.terraform.io/hashicorp/aws\"]",
      "instances": [
        {
          "schema_version": 0,
          "attributes": {
            "arn": "arn:aws:iam::062200478089:role/eks-node-role",
            "assume_role_policy": "{\"Version\":\"2012-10-17\",\"Statement\":[{\"Effect\":\"Allow\",\"Principal\":{\"Service\":\"ec2.amazonaws.com\"},\"Action\":\"sts:AssumeRole\"}]}",
            "create_date": "2023-11-18T10:46:44Z",
            "description": "",
            "force_detach_policies": false,
            "id": "eks-node-role",
            "max_session_duration": 3600,
            "name": "eks-node-role",
            "name_prefix": null,
            "path": "/",
            "permissions_boundary": null,
            "tags": {},
            "unique_id": "AROAQ463P7GERYII5ANYY"
          },
          "sensitive_attributes": [],
          "private": "bnVsbA=="
        }
      ]
    },
    {
      "mode": "managed",
      "type": "aws_iam_role_policy_attachment",
      "name": "eks_cluster_policy_attachment",
      "provider": "provider[\"registry.terraform.io/hashicorp/aws\"]",
      "instances": [
        {
          "schema_version": 0,
          "attributes": {
            "id": "eks-cluster-role-20231118104646680500000004",
            "policy_arn": "arn:aws:iam::aws:policy/AmazonEKSClusterPolicy",
            "role": "eks-cluster-role"
          },
          "sensitive_attributes": [],
          "private": "bnVsbA==",
          "dependencies": [
            "aws_iam_role.eks_cluster_role"
          ]
        }
      ]
    },
    {
      "mode": "managed",
      "type": "aws_iam_role_policy_attachment",
      "name": "eks_node_policy_attachment_1",
      "provider": "provider[\"registry.terraform.io/hashicorp/aws\"]",
      "instances": [
        {
          "schema_version": 0,
          "attributes": {
            "id": "eks-node-role-20231118104646608900000002",
            "policy_arn": "arn:aws:iam::aws:policy/AmazonEKSWorkerNodePolicy",
            "role": "eks-node-role"
          },
          "sensitive_attributes": [],
          "private": "bnVsbA==",
          "dependencies": [
            "aws_iam_role.eks_node_role"
          ]
        }
      ]
    },
    {
      "mode": "managed",
      "type": "aws_iam_role_policy_attachment",
      "name": "eks_node_policy_attachment_2",
      "provider": "provider[\"registry.terraform.io/hashicorp/aws\"]",
      "instances": [
        {
          "schema_version": 0,
          "attributes": {
            "id": "eks-node-role-20231118104646661900000003",
            "policy_arn": "arn:aws:iam::aws:policy/AmazonEC2ContainerRegistryReadOnly",
            "role": "eks-node-role"
          },
          "sensitive_attributes": [],
          "private": "bnVsbA==",
          "dependencies": [
            "aws_iam_role.eks_node_role"
          ]
        }
      ]
    },
    {
      "mode": "managed",
      "type": "aws_iam_role_policy_attachment",
      "name": "eks_node_policy_attachment_3",
      "provider": "provider[\"registry.terraform.io/hashicorp/aws\"]",
      "instances": [
        {
          "schema_version": 0,
          "attributes": {
            "id": "eks-node-role-20231118104646581300000001",
            "policy_arn": "arn:aws:iam::aws:policy/AmazonEKS_CNI_Policy",
            "role": "eks-node-role"
          },
          "sensitive_attributes": [],
          "private": "bnVsbA==",
          "dependencies": [
            "aws_iam_role.eks_node_role"
          ]
        }
      ]
    },
    {
      "mode": "managed",
      "type": "aws_iam_role_policy_attachment",
      "name": "eks_node_policy_attachment_4",
      "provider": "provider[\"registry.terraform.io/hashicorp/aws\"]",
      "instances": [
        {
          "schema_version": 0,
          "attributes": {
            "id": "eks-node-role-20231118115545512200000001",
            "policy_arn": "arn:aws:iam::aws:policy/AmazonEC2FullAccess",
            "role": "eks-node-role"
          },
          "sensitive_attributes": [],
          "private": "bnVsbA==",
          "dependencies": [
            "aws_iam_role.eks_node_role"
          ]
        }
      ]
    },
    {
      "mode": "managed",
      "type": "aws_internet_gateway",
      "name": "igw",
      "provider": "provider[\"registry.terraform.io/hashicorp/aws\"]",
      "instances": [
        {
          "schema_version": 0,
          "attributes": {
            "id": "igw-09f8969a153da6075",
            "owner_id": "062200478089",
            "tags": {
              "Name": "igw"
            },
            "vpc_id": "vpc-0b6cd84125d9ee60a"
          },
          "sensitive_attributes": [],
          "private": "bnVsbA==",
          "dependencies": [
            "aws_vpc.eks_vpc"
          ]
        }
      ]
    },
    {
      "mode": "managed",
      "type": "aws_nat_gateway",
      "name": "nat_gateway",
      "provider": "provider[\"registry.terraform.io/hashicorp/aws\"]",
      "instances": [
        {
          "schema_version": 0,
          "attributes": {
            "allocation_id": "eipalloc-05e2c36860bd48af6",
            "id": "nat-01bc817cb0dfa6b20",
            "network_interface_id": "eni-0b9a1b51fc6dc0b6d",
            "private_ip": "10.0.0.74",
            "public_ip": "35.169.11.101",
            "subnet_id": "subnet-02815de86973e39fa",
            "tags": {
              "Name": "nat-gateway"
            }
          },
          "sensitive_attributes": [],
          "private": "bnVsbA==",
          "dependencies": [
            "aws_eip.nat_eip",
            "aws_subnet.public_subnet",
            "aws_vpc.eks_vpc"
          ]
        }
      ]
    },
    {
      "mode": "managed",
      "type": "aws_route_table",
      "name": "private_route_table",
      "provider": "provider[\"registry.terraform.io/hashicorp/aws\"]",
      "instances": [
        {
          "schema_version": 0,
          "attributes": {
            "id": "rtb-058f4d19a17dd8a7f",
            "owner_id": "062200478089",
            "propagating_vgws": [],
            "route": [
              {
                "cidr_block": "0.0.0.0/0",
                "egress_only_gateway_id": "",
                "gateway_id": "",
                "instance_id": "",
                "ipv6_cidr_block": "",
                "nat_gateway_id": "nat-01bc817cb0dfa6b20",
                "network_interface_id": "",
                "transit_gateway_id": "",
                "vpc_peering_connection_id": ""
              }
            ],
            "tags": {
              "Name": "private-route-table"
            },
            "vpc_id": "vpc-0b6cd84125d9ee60a"
          },
          "sensitive_attributes": [],
          "private": "bnVsbA==",
          "dependencies": [
            "aws_eip.nat_eip",
            "aws_nat_gateway.nat_gateway",
            "aws_subnet.public_subnet",
            "aws_vpc.eks_vpc"
          ]
        }
      ]
    },
    {
      "mode": "managed",
      "type": "aws_route_table",
      "name": "public_route_table",
      "provider": "provider[\"registry.terraform.io/hashicorp/aws\"]",
      "instances": [
        {
          "schema_version": 0,
          "attributes": {
            "id": "rtb-0814aa24cd608acca",
            "owner_id": "062200478089",
            "propagating_vgws": [],
            "route": [
              {
                "cidr_block": "0.0.0.0/0",
                "egress_only_gateway_id": "",
                "gateway_id": "igw-09f8969a153da6075",
                "instance_id": "",
                "ipv6_cidr_block": "",
                "nat_gateway_id": "",
                "network_interface_id": "",
                "transit_gateway_id": "",
                "vpc_peering_connection_id": ""
              }
            ],
            "tags": {
              "Name": "public-route-table"
            },
            "vpc_id": "vpc-0b6cd84125d9ee60a"
          },
          "sensitive_attributes": [],
          "private": "bnVsbA==",
          "dependencies": [
            "aws_internet_gateway.igw",
            "aws_vpc.eks_vpc"
          ]
        }
      ]
    },
    {
      "mode": "managed",
      "type": "aws_route_table_association",
      "name": "private_route_association",
      "provider": "provider[\"registry.terraform.io/hashicorp/aws\"]",
      "instances": [
        {
          "schema_version": 0,
          "attributes": {
            "gateway_id": null,
            "id": "rtbassoc-0c37be1edb6c810a3",
            "route_table_id": "rtb-058f4d19a17dd8a7f",
            "subnet_id": "subnet-098af65e6ea6b2c12"
          },
          "sensitive_attributes": [],
          "private": "bnVsbA==",
          "dependencies": [
            "aws_eip.nat_eip",
            "aws_nat_gateway.nat_gateway",
            "aws_route_table.private_route_table",
            "aws_subnet.private_subnet",
            "aws_subnet.public_subnet",
            "aws_vpc.eks_vpc"
          ]
        }
      ]
    },
    {
      "mode": "managed",
      "type": "aws_route_table_association",
      "name": "public_route_association",
      "provider": "provider[\"registry.terraform.io/hashicorp/aws\"]",
      "instances": [
        {
          "schema_version": 0,
          "attributes": {
            "gateway_id": null,
            "id": "rtbassoc-0d2077ba0cb631348",
            "route_table_id": "rtb-0814aa24cd608acca",
            "subnet_id": "subnet-02815de86973e39fa"
          },
          "sensitive_attributes": [],
          "private": "bnVsbA==",
          "dependencies": [
            "aws_internet_gateway.igw",
            "aws_route_table.public_route_table",
            "aws_subnet.public_subnet",
            "aws_vpc.eks_vpc"
          ]
        }
      ]
    },
    {
      "mode": "managed",
      "type": "aws_subnet",
      "name": "private_subnet",
      "provider": "provider[\"registry.terraform.io/hashicorp/aws\"]",
      "instances": [
        {
          "schema_version": 1,
          "attributes": {
            "arn": "arn:aws:ec2:us-east-1:062200478089:subnet/subnet-098af65e6ea6b2c12",
            "assign_ipv6_address_on_creation": false,
            "availability_zone": "us-east-1b",
            "availability_zone_id": "use1-az2",
            "cidr_block": "10.0.0.128/25",
            "id": "subnet-098af65e6ea6b2c12",
            "ipv6_cidr_block": "",
            "ipv6_cidr_block_association_id": "",
            "map_public_ip_on_launch": false,
            "owner_id": "062200478089",
            "tags": {
              "Name": "private-subnet"
            },
            "timeouts": null,
            "vpc_id": "vpc-0b6cd84125d9ee60a"
          },
          "sensitive_attributes": [],
          "private": "eyJlMmJmYjczMC1lY2FhLTExZTYtOGY4OC0zNDM2M2JjN2M0YzAiOnsiY3JlYXRlIjo2MDAwMDAwMDAwMDAsImRlbGV0ZSI6MTIwMDAwMDAwMDAwMH0sInNjaGVtYV92ZXJzaW9uIjoiMSJ9",
          "dependencies": [
            "aws_vpc.eks_vpc"
          ]
        }
      ]
    },
    {
      "mode": "managed",
      "type": "aws_subnet",
      "name": "public_subnet",
      "provider": "provider[\"registry.terraform.io/hashicorp/aws\"]",
      "instances": [
        {
          "schema_version": 1,
          "attributes": {
            "arn": "arn:aws:ec2:us-east-1:062200478089:subnet/subnet-02815de86973e39fa",
            "assign_ipv6_address_on_creation": false,
            "availability_zone": "us-east-1a",
            "availability_zone_id": "use1-az1",
            "cidr_block": "10.0.0.0/25",
            "id": "subnet-02815de86973e39fa",
            "ipv6_cidr_block": "",
            "ipv6_cidr_block_association_id": "",
            "map_public_ip_on_launch": false,
            "owner_id": "062200478089",
            "tags": {
              "Name": "public-subnet"
            },
            "timeouts": null,
            "vpc_id": "vpc-0b6cd84125d9ee60a"
          },
          "sensitive_attributes": [],
          "private": "eyJlMmJmYjczMC1lY2FhLTExZTYtOGY4OC0zNDM2M2JjN2M0YzAiOnsiY3JlYXRlIjo2MDAwMDAwMDAwMDAsImRlbGV0ZSI6MTIwMDAwMDAwMDAwMH0sInNjaGVtYV92ZXJzaW9uIjoiMSJ9",
          "dependencies": [
            "aws_vpc.eks_vpc"
          ]
        }
      ]
    },
    {
      "mode": "managed",
      "type": "aws_vpc",
      "name": "eks_vpc",
      "provider": "provider[\"registry.terraform.io/hashicorp/aws\"]",
      "instances": [
        {
          "schema_version": 1,
          "attributes": {
            "arn": "arn:aws:ec2:us-east-1:062200478089:vpc/vpc-0b6cd84125d9ee60a",
            "assign_generated_ipv6_cidr_block": false,
            "cidr_block": "10.0.0.0/24",
            "default_network_acl_id": "acl-05c4d33c45a9be4e7",
            "default_route_table_id": "rtb-0c41f13ca385123c7",
            "default_security_group_id": "sg-0d10f64aca328cbac",
            "dhcp_options_id": "dopt-740e4e11",
            "enable_classiclink": false,
            "enable_classiclink_dns_support": false,
            "enable_dns_hostnames": false,
            "enable_dns_support": true,
            "id": "vpc-0b6cd84125d9ee60a",
            "instance_tenancy": "default",
            "ipv6_association_id": "",
            "ipv6_cidr_block": "",
            "main_route_table_id": "rtb-0c41f13ca385123c7",
            "owner_id": "062200478089",
            "tags": {
              "Name": "vpc"
            }
          },
          "sensitive_attributes": [],
          "private": "eyJzY2hlbWFfdmVyc2lvbiI6IjEifQ=="
        }
      ]
    }
  ],
  "check_results": null
}
